
Microsoft Visual Studio Solution File, Format Version 12.00
# Visual Studio 15
VisualStudioVersion = 15.0.28010.2041
MinimumVisualStudioVersion = 10.0.40219.1
Project("{FAE04EC0-301F-11D3-BF4B-00C04F79EFBC}") = "BookList_v1", "BookList_v1\BookList_v1.csproj", "{454340B0-A62B-4E26-8FD3-CFA72ADFECA1}"
EndProject
Global
	GlobalSection(SolutionConfigurationPlatforms) = preSolution
		Debug|Any CPU = Debug|Any CPU
		Release|Any CPU = Release|Any CPU
	EndGlobalSection
	GlobalSection(ProjectConfigurationPlatforms) = postSolution
		{454340B0-A62B-4E26-8FD3-CFA72ADFECA1}.Debug|Any CPU.ActiveCfg = Debug|Any CPU
		{454340B0-A62B-4E26-8FD3-CFA72ADFECA1}.Debug|Any CPU.Build.0 = Debug|Any CPU
		{454340B0-A62B-4E26-8FD3-CFA72ADFECA1}.Release|Any CPU.ActiveCfg = Release|Any CPU
		{454340B0-A62B-4E26-8FD3-CFA72ADFECA1}.Release|Any CPU.Build.0 = Release|Any CPU
	EndGlobalSection
	GlobalSection(SolutionProperties) = preSolution
		HideSolutionNode = FALSE
	EndGlobalSection
	GlobalSection(ExtensibilityGlobals) = postSolution
		SolutionGuid = {E9D76595-7C44-4D15-B073-E1BF1675472B}
	EndGlobalSection
EndGlobal
